
Microsoft Visual Studio Solution File, Format Version 12.00
# Visual Studio 14
VisualStudioVersion = 14.0.23107.0
MinimumVisualStudioVersion = 10.0.40219.1
Project("{2150E333-8FDC-42A3-9474-1A3956D46DE8}") = "Common", "Common", "{31069B3D-3C19-4898-B927-5EE7D7E27BE8}"
	ProjectSection(SolutionItems) = preProject
		CommonAssemblyInfo.cs = CommonAssemblyInfo.cs
	EndProjectSection
EndProject
Project("{FAE04EC0-301F-11D3-BF4B-00C04F79EFBC}") = "Lette.ProjectEuler.Solutions.Demo", "Lette.ProjectEuler.Solutions.Demo\Lette.ProjectEuler.Solutions.Demo.csproj", "{3F1D15AD-C80B-4D81-85B8-D8A60E65D6BC}"
EndProject
Project("{FAE04EC0-301F-11D3-BF4B-00C04F79EFBC}") = "Lette.ProjectEuler.Solutions.Demo.Tests", "Lette.ProjectEuler.Solutions.Demo.Tests\Lette.ProjectEuler.Solutions.Demo.Tests.csproj", "{306B295F-80D3-4D90-B154-760645E99C2B}"
EndProject
Global
	GlobalSection(SolutionConfigurationPlatforms) = preSolution
		Debug|Any CPU = Debug|Any CPU
		Debug|Mixed Platforms = Debug|Mixed Platforms
		Debug|x86 = Debug|x86
		Release|Any CPU = Release|Any CPU
		Release|Mixed Platforms = Release|Mixed Platforms
		Release|x86 = Release|x86
	EndGlobalSection
	GlobalSection(ProjectConfigurationPlatforms) = postSolution
		{3F1D15AD-C80B-4D81-85B8-D8A60E65D6BC}.Debug|Any CPU.ActiveCfg = Debug|Any CPU
		{3F1D15AD-C80B-4D81-85B8-D8A60E65D6BC}.Debug|Any CPU.Build.0 = Debug|Any CPU
		{3F1D15AD-C80B-4D81-85B8-D8A60E65D6BC}.Debug|Mixed Platforms.ActiveCfg = Debug|Any CPU
		{3F1D15AD-C80B-4D81-85B8-D8A60E65D6BC}.Debug|Mixed Platforms.Build.0 = Debug|Any CPU
		{3F1D15AD-C80B-4D81-85B8-D8A60E65D6BC}.Debug|x86.ActiveCfg = Debug|Any CPU
		{3F1D15AD-C80B-4D81-85B8-D8A60E65D6BC}.Release|Any CPU.ActiveCfg = Release|Any CPU
		{3F1D15AD-C80B-4D81-85B8-D8A60E65D6BC}.Release|Any CPU.Build.0 = Release|Any CPU
		{3F1D15AD-C80B-4D81-85B8-D8A60E65D6BC}.Release|Mixed Platforms.ActiveCfg = Release|Any CPU
		{3F1D15AD-C80B-4D81-85B8-D8A60E65D6BC}.Release|Mixed Platforms.Build.0 = Release|Any CPU
		{3F1D15AD-C80B-4D81-85B8-D8A60E65D6BC}.Release|x86.ActiveCfg = Release|Any CPU
		{306B295F-80D3-4D90-B154-760645E99C2B}.Debug|Any CPU.ActiveCfg = Debug|Any CPU
		{306B295F-80D3-4D90-B154-760645E99C2B}.Debug|Any CPU.Build.0 = Debug|Any CPU
		{306B295F-80D3-4D90-B154-760645E99C2B}.Debug|Mixed Platforms.ActiveCfg = Debug|Any CPU
		{306B295F-80D3-4D90-B154-760645E99C2B}.Debug|Mixed Platforms.Build.0 = Debug|Any CPU
		{306B295F-80D3-4D90-B154-760645E99C2B}.Debug|x86.ActiveCfg = Debug|Any CPU
		{306B295F-80D3-4D90-B154-760645E99C2B}.Release|Any CPU.ActiveCfg = Release|Any CPU
		{306B295F-80D3-4D90-B154-760645E99C2B}.Release|Any CPU.Build.0 = Release|Any CPU
		{306B295F-80D3-4D90-B154-760645E99C2B}.Release|Mixed Platforms.ActiveCfg = Release|Any CPU
		{306B295F-80D3-4D90-B154-760645E99C2B}.Release|Mixed Platforms.Build.0 = Release|Any CPU
		{306B295F-80D3-4D90-B154-760645E99C2B}.Release|x86.ActiveCfg = Release|Any CPU
	EndGlobalSection
	GlobalSection(SolutionProperties) = preSolution
		HideSolutionNode = FALSE
	EndGlobalSection
EndGlobal
